
Microsoft Visual Studio Solution File, Format Version 12.00
# Visual Studio Version 17
VisualStudioVersion = 17.2.32317.152
MinimumVisualStudioVersion = 10.0.40219.1
Project("{FAE04EC0-301F-11D3-BF4B-00C04F79EFBC}") = "StudentSys.Models", "StudentSys\StudentSys.Models.csproj", "{B8B6CB73-DA1C-451D-A6B0-41F42EAB57CD}"
EndProject
Project("{FAE04EC0-301F-11D3-BF4B-00C04F79EFBC}") = "StudentSys.DAL", "StudentSys.DAL\StudentSys.DAL.csproj", "{F089DECA-B057-4613-9EED-329AD2AF1739}"
EndProject
Project("{FAE04EC0-301F-11D3-BF4B-00C04F79EFBC}") = "StudentSys.BLL", "StudentSys.BLL\StudentSys.BLL.csproj", "{451FDCEA-1F96-405C-BAF0-CDE9C93D6352}"
EndProject
Project("{FAE04EC0-301F-11D3-BF4B-00C04F79EFBC}") = "StudentSys.DTO", "StudentSys.DTO\StudentSys.DTO.csproj", "{F98DC224-6936-460C-B21F-7CC0CB917539}"
EndProject
Project("{FAE04EC0-301F-11D3-BF4B-00C04F79EFBC}") = "StudentSys.WebApi", "StudentSys.WebApi\StudentSys.WebApi.csproj", "{8F68500D-1179-482E-8E52-3ABAD6EDE8C1}"
EndProject
Global
	GlobalSection(SolutionConfigurationPlatforms) = preSolution
		Debug|Any CPU = Debug|Any CPU
		Release|Any CPU = Release|Any CPU
	EndGlobalSection
	GlobalSection(ProjectConfigurationPlatforms) = postSolution
		{B8B6CB73-DA1C-451D-A6B0-41F42EAB57CD}.Debug|Any CPU.ActiveCfg = Debug|Any CPU
		{B8B6CB73-DA1C-451D-A6B0-41F42EAB57CD}.Debug|Any CPU.Build.0 = Debug|Any CPU
		{B8B6CB73-DA1C-451D-A6B0-41F42EAB57CD}.Release|Any CPU.ActiveCfg = Release|Any CPU
		{B8B6CB73-DA1C-451D-A6B0-41F42EAB57CD}.Release|Any CPU.Build.0 = Release|Any CPU
		{F089DECA-B057-4613-9EED-329AD2AF1739}.Debug|Any CPU.ActiveCfg = Debug|Any CPU
		{F089DECA-B057-4613-9EED-329AD2AF1739}.Debug|Any CPU.Build.0 = Debug|Any CPU
		{F089DECA-B057-4613-9EED-329AD2AF1739}.Release|Any CPU.ActiveCfg = Release|Any CPU
		{F089DECA-B057-4613-9EED-329AD2AF1739}.Release|Any CPU.Build.0 = Release|Any CPU
		{451FDCEA-1F96-405C-BAF0-CDE9C93D6352}.Debug|Any CPU.ActiveCfg = Debug|Any CPU
		{451FDCEA-1F96-405C-BAF0-CDE9C93D6352}.Debug|Any CPU.Build.0 = Debug|Any CPU
		{451FDCEA-1F96-405C-BAF0-CDE9C93D6352}.Release|Any CPU.ActiveCfg = Release|Any CPU
		{451FDCEA-1F96-405C-BAF0-CDE9C93D6352}.Release|Any CPU.Build.0 = Release|Any CPU
		{F98DC224-6936-460C-B21F-7CC0CB917539}.Debug|Any CPU.ActiveCfg = Debug|Any CPU
		{F98DC224-6936-460C-B21F-7CC0CB917539}.Debug|Any CPU.Build.0 = Debug|Any CPU
		{F98DC224-6936-460C-B21F-7CC0CB917539}.Release|Any CPU.ActiveCfg = Release|Any CPU
		{F98DC224-6936-460C-B21F-7CC0CB917539}.Release|Any CPU.Build.0 = Release|Any CPU
		{8F68500D-1179-482E-8E52-3ABAD6EDE8C1}.Debug|Any CPU.ActiveCfg = Debug|Any CPU
		{8F68500D-1179-482E-8E52-3ABAD6EDE8C1}.Debug|Any CPU.Build.0 = Debug|Any CPU
		{8F68500D-1179-482E-8E52-3ABAD6EDE8C1}.Release|Any CPU.ActiveCfg = Release|Any CPU
		{8F68500D-1179-482E-8E52-3ABAD6EDE8C1}.Release|Any CPU.Build.0 = Release|Any CPU
	EndGlobalSection
	GlobalSection(SolutionProperties) = preSolution
		HideSolutionNode = FALSE
	EndGlobalSection
	GlobalSection(ExtensibilityGlobals) = postSolution
		SolutionGuid = {C895C6BC-5FAD-4BE6-8860-468FC27BB3D9}
	EndGlobalSection
EndGlobal
